
Microsoft Visual Studio Solution File, Format Version 12.00
# Visual Studio Version 16
VisualStudioVersion = 16.0.31515.178
MinimumVisualStudioVersion = 10.0.40219.1
Project("{FAE04EC0-301F-11D3-BF4B-00C04F79EFBC}") = "FoodMenu.WebAPI", "FoodMenu.WebAPI.csproj", "{3C4AB7D2-C50C-4824-93A4-A6BAFB928640}"
EndProject
Project("{FAE04EC0-301F-11D3-BF4B-00C04F79EFBC}") = "FoodMenu.Entities", "..\FoodMenu.Entities\FoodMenu.Entities.csproj", "{81177FB6-9156-441C-89FE-3E5D98E2A66F}"
EndProject
Project("{FAE04EC0-301F-11D3-BF4B-00C04F79EFBC}") = "FoodMenu.BusinessLayer", "..\FoodMenu.BusinessLayer\FoodMenu.BusinessLayer.csproj", "{684C4C82-BD46-4A3E-AFC6-8282C02EEEFC}"
EndProject
Project("{FAE04EC0-301F-11D3-BF4B-00C04F79EFBC}") = "FoodMenu.DataLayer", "..\FoodMenu.DataLayer\FoodMenu.DataLayer.csproj", "{160D1BE4-FF30-4385-BB22-B010671F6AC4}"
EndProject
Project("{FAE04EC0-301F-11D3-BF4B-00C04F79EFBC}") = "FoodMenu.Tests", "..\FoodMenu.Tests\FoodMenu.Tests.csproj", "{7EC4113D-6C4B-4843-B656-753BE94E25DE}"
EndProject
Global
	GlobalSection(SolutionConfigurationPlatforms) = preSolution
		Debug|Any CPU = Debug|Any CPU
		Release|Any CPU = Release|Any CPU
	EndGlobalSection
	GlobalSection(ProjectConfigurationPlatforms) = postSolution
		{3C4AB7D2-C50C-4824-93A4-A6BAFB928640}.Debug|Any CPU.ActiveCfg = Debug|Any CPU
		{3C4AB7D2-C50C-4824-93A4-A6BAFB928640}.Debug|Any CPU.Build.0 = Debug|Any CPU
		{3C4AB7D2-C50C-4824-93A4-A6BAFB928640}.Release|Any CPU.ActiveCfg = Release|Any CPU
		{3C4AB7D2-C50C-4824-93A4-A6BAFB928640}.Release|Any CPU.Build.0 = Release|Any CPU
		{81177FB6-9156-441C-89FE-3E5D98E2A66F}.Debug|Any CPU.ActiveCfg = Debug|Any CPU
		{81177FB6-9156-441C-89FE-3E5D98E2A66F}.Debug|Any CPU.Build.0 = Debug|Any CPU
		{81177FB6-9156-441C-89FE-3E5D98E2A66F}.Release|Any CPU.ActiveCfg = Release|Any CPU
		{81177FB6-9156-441C-89FE-3E5D98E2A66F}.Release|Any CPU.Build.0 = Release|Any CPU
		{684C4C82-BD46-4A3E-AFC6-8282C02EEEFC}.Debug|Any CPU.ActiveCfg = Debug|Any CPU
		{684C4C82-BD46-4A3E-AFC6-8282C02EEEFC}.Debug|Any CPU.Build.0 = Debug|Any CPU
		{684C4C82-BD46-4A3E-AFC6-8282C02EEEFC}.Release|Any CPU.ActiveCfg = Release|Any CPU
		{684C4C82-BD46-4A3E-AFC6-8282C02EEEFC}.Release|Any CPU.Build.0 = Release|Any CPU
		{160D1BE4-FF30-4385-BB22-B010671F6AC4}.Debug|Any CPU.ActiveCfg = Debug|Any CPU
		{160D1BE4-FF30-4385-BB22-B010671F6AC4}.Debug|Any CPU.Build.0 = Debug|Any CPU
		{160D1BE4-FF30-4385-BB22-B010671F6AC4}.Release|Any CPU.ActiveCfg = Release|Any CPU
		{160D1BE4-FF30-4385-BB22-B010671F6AC4}.Release|Any CPU.Build.0 = Release|Any CPU
		{7EC4113D-6C4B-4843-B656-753BE94E25DE}.Debug|Any CPU.ActiveCfg = Debug|Any CPU
		{7EC4113D-6C4B-4843-B656-753BE94E25DE}.Debug|Any CPU.Build.0 = Debug|Any CPU
		{7EC4113D-6C4B-4843-B656-753BE94E25DE}.Release|Any CPU.ActiveCfg = Release|Any CPU
		{7EC4113D-6C4B-4843-B656-753BE94E25DE}.Release|Any CPU.Build.0 = Release|Any CPU
	EndGlobalSection
	GlobalSection(SolutionProperties) = preSolution
		HideSolutionNode = FALSE
	EndGlobalSection
	GlobalSection(ExtensibilityGlobals) = postSolution
		SolutionGuid = {C4BFDBC2-4BD8-4440-9439-B97842E3AAEF}
	EndGlobalSection
EndGlobal
